
Microsoft Visual Studio Solution File, Format Version 12.00
# Visual Studio Version 17
VisualStudioVersion = 17.3.32811.315
MinimumVisualStudioVersion = 10.0.40219.1
Project("{FAE04EC0-301F-11D3-BF4B-00C04F79EFBC}") = "BCCommunicator", "BCCommunicator\BCCommunicator.csproj", "{513B51DD-F006-45C4-BD79-3248AB7A55EC}"
EndProject
Project("{2150E333-8FDC-42A3-9474-1A3956D46DE8}") = "TestClient", "TestClient", "{8A07344D-872F-4FC9-A65A-749BF53B3FEC}"
EndProject
Project("{FAE04EC0-301F-11D3-BF4B-00C04F79EFBC}") = "BCCommunicatorClient", "BCCommunicatorClient\BCCommunicatorClient.csproj", "{D29A56ED-EC66-4794-9029-269669118EFB}"
EndProject
Global
	GlobalSection(SolutionConfigurationPlatforms) = preSolution
		Debug|Any CPU = Debug|Any CPU
		Release|Any CPU = Release|Any CPU
	EndGlobalSection
	GlobalSection(ProjectConfigurationPlatforms) = postSolution
		{513B51DD-F006-45C4-BD79-3248AB7A55EC}.Debug|Any CPU.ActiveCfg = Debug|Any CPU
		{513B51DD-F006-45C4-BD79-3248AB7A55EC}.Debug|Any CPU.Build.0 = Debug|Any CPU
		{513B51DD-F006-45C4-BD79-3248AB7A55EC}.Release|Any CPU.ActiveCfg = Release|Any CPU
		{513B51DD-F006-45C4-BD79-3248AB7A55EC}.Release|Any CPU.Build.0 = Release|Any CPU
		{D29A56ED-EC66-4794-9029-269669118EFB}.Debug|Any CPU.ActiveCfg = Debug|Any CPU
		{D29A56ED-EC66-4794-9029-269669118EFB}.Debug|Any CPU.Build.0 = Debug|Any CPU
		{D29A56ED-EC66-4794-9029-269669118EFB}.Release|Any CPU.ActiveCfg = Release|Any CPU
		{D29A56ED-EC66-4794-9029-269669118EFB}.Release|Any CPU.Build.0 = Release|Any CPU
	EndGlobalSection
	GlobalSection(SolutionProperties) = preSolution
		HideSolutionNode = FALSE
	EndGlobalSection
	GlobalSection(NestedProjects) = preSolution
		{D29A56ED-EC66-4794-9029-269669118EFB} = {8A07344D-872F-4FC9-A65A-749BF53B3FEC}
	EndGlobalSection
	GlobalSection(ExtensibilityGlobals) = postSolution
		SolutionGuid = {582AB852-4041-4E9F-9499-7467692927CC}
	EndGlobalSection
EndGlobal
